
Microsoft Visual Studio Solution File, Format Version 12.00
# Visual Studio Version 17
VisualStudioVersion = 17.5.33502.453
MinimumVisualStudioVersion = 10.0.40219.1
Project("{FAE04EC0-301F-11D3-BF4B-00C04F79EFBC}") = "AppCliente", "AppCliente\AppCliente.csproj", "{543D09A9-BDEC-4FB1-A657-E7BD0F11749C}"
EndProject
Global
	GlobalSection(SolutionConfigurationPlatforms) = preSolution
		Debug|Any CPU = Debug|Any CPU
		Release|Any CPU = Release|Any CPU
	EndGlobalSection
	GlobalSection(ProjectConfigurationPlatforms) = postSolution
		{543D09A9-BDEC-4FB1-A657-E7BD0F11749C}.Debug|Any CPU.ActiveCfg = Debug|Any CPU
		{543D09A9-BDEC-4FB1-A657-E7BD0F11749C}.Debug|Any CPU.Build.0 = Debug|Any CPU
		{543D09A9-BDEC-4FB1-A657-E7BD0F11749C}.Release|Any CPU.ActiveCfg = Release|Any CPU
		{543D09A9-BDEC-4FB1-A657-E7BD0F11749C}.Release|Any CPU.Build.0 = Release|Any CPU
	EndGlobalSection
	GlobalSection(SolutionProperties) = preSolution
		HideSolutionNode = FALSE
	EndGlobalSection
	GlobalSection(ExtensibilityGlobals) = postSolution
		SolutionGuid = {E62CC7D0-FA37-422C-B08C-AA6D4B02D53B}
	EndGlobalSection
EndGlobal
